
Microsoft Visual Studio Solution File, Format Version 12.00
# Visual Studio Version 17
VisualStudioVersion = 17.5.33530.505
MinimumVisualStudioVersion = 10.0.40219.1
Project("{FAE04EC0-301F-11D3-BF4B-00C04F79EFBC}") = "CountWordLibrary", "CountWordLibrary\CountWordLibrary.csproj", "{35271FE5-5959-4F37-ABB6-8DACF7029425}"
EndProject
Project("{FAE04EC0-301F-11D3-BF4B-00C04F79EFBC}") = "CountWordTests", "CountWordTests\CountWordTests.csproj", "{36BF16FB-575A-4B0C-9413-2EB968DEB7FB}"
EndProject
Global
	GlobalSection(SolutionConfigurationPlatforms) = preSolution
		Debug|Any CPU = Debug|Any CPU
		Release|Any CPU = Release|Any CPU
	EndGlobalSection
	GlobalSection(ProjectConfigurationPlatforms) = postSolution
		{35271FE5-5959-4F37-ABB6-8DACF7029425}.Debug|Any CPU.ActiveCfg = Debug|Any CPU
		{35271FE5-5959-4F37-ABB6-8DACF7029425}.Debug|Any CPU.Build.0 = Debug|Any CPU
		{35271FE5-5959-4F37-ABB6-8DACF7029425}.Release|Any CPU.ActiveCfg = Release|Any CPU
		{35271FE5-5959-4F37-ABB6-8DACF7029425}.Release|Any CPU.Build.0 = Release|Any CPU
		{36BF16FB-575A-4B0C-9413-2EB968DEB7FB}.Debug|Any CPU.ActiveCfg = Debug|Any CPU
		{36BF16FB-575A-4B0C-9413-2EB968DEB7FB}.Debug|Any CPU.Build.0 = Debug|Any CPU
		{36BF16FB-575A-4B0C-9413-2EB968DEB7FB}.Release|Any CPU.ActiveCfg = Release|Any CPU
		{36BF16FB-575A-4B0C-9413-2EB968DEB7FB}.Release|Any CPU.Build.0 = Release|Any CPU
	EndGlobalSection
	GlobalSection(SolutionProperties) = preSolution
		HideSolutionNode = FALSE
	EndGlobalSection
	GlobalSection(ExtensibilityGlobals) = postSolution
		SolutionGuid = {DC527FCB-2C64-4855-BBEE-4B436AAEA460}
	EndGlobalSection
EndGlobal
